
Microsoft Visual Studio Solution File, Format Version 12.00
# Visual Studio Version 17
VisualStudioVersion = 17.6.33829.357
MinimumVisualStudioVersion = 10.0.40219.1
Project("{9A19103F-16F7-4668-BE54-9A1E7A4F7556}") = "Api", "Api\Api.csproj", "{C26397ED-220A-447E-8CF1-B64E2A11E849}"
EndProject
Project("{2150E333-8FDC-42A3-9474-1A3956D46DE8}") = "src", "src", "{30ABCE6C-9858-4E8E-AD37-3B8D8AAD285F}"
EndProject
Project("{2150E333-8FDC-42A3-9474-1A3956D46DE8}") = "Adapters", "Adapters", "{510FA0CB-7005-4CE1-9D91-23BADBD9ACF2}"
EndProject
Project("{2150E333-8FDC-42A3-9474-1A3956D46DE8}") = "Driven", "Driven", "{C6221044-49DF-43E3-9FD4-0FFFECEEA367}"
EndProject
Project("{2150E333-8FDC-42A3-9474-1A3956D46DE8}") = "Driving", "Driving", "{EB785B02-C3F5-49B6-A0D2-B4203988AEDF}"
EndProject
Project("{2150E333-8FDC-42A3-9474-1A3956D46DE8}") = "Core", "Core", "{0CEF5485-A7F3-4AEB-B047-E859F4DA7135}"
EndProject
Project("{FAE04EC0-301F-11D3-BF4B-00C04F79EFBC}") = "Application", "Application\Application.csproj", "{20159540-A137-4A75-BAF3-1CBCD03F5399}"
EndProject
Project("{FAE04EC0-301F-11D3-BF4B-00C04F79EFBC}") = "Domain", "Domain\Domain.csproj", "{77DA944B-6ADD-4C2F-BBFC-56B4712040A4}"
EndProject
Project("{FAE04EC0-301F-11D3-BF4B-00C04F79EFBC}") = "Infra.Data", "Infra.Data\Infra.Data.csproj", "{74C3C2BD-9AB3-426C-ABE9-8AF2DD86C60F}"
EndProject
Project("{FAE04EC0-301F-11D3-BF4B-00C04F79EFBC}") = "Infra.Email", "Infra.Email\Infra.Email.csproj", "{57A2ABFD-FE11-45C4-9868-74CEA88D3F62}"
EndProject
Global
	GlobalSection(SolutionConfigurationPlatforms) = preSolution
		Debug|Any CPU = Debug|Any CPU
		Release|Any CPU = Release|Any CPU
	EndGlobalSection
	GlobalSection(ProjectConfigurationPlatforms) = postSolution
		{C26397ED-220A-447E-8CF1-B64E2A11E849}.Debug|Any CPU.ActiveCfg = Debug|Any CPU
		{C26397ED-220A-447E-8CF1-B64E2A11E849}.Debug|Any CPU.Build.0 = Debug|Any CPU
		{C26397ED-220A-447E-8CF1-B64E2A11E849}.Release|Any CPU.ActiveCfg = Release|Any CPU
		{C26397ED-220A-447E-8CF1-B64E2A11E849}.Release|Any CPU.Build.0 = Release|Any CPU
		{20159540-A137-4A75-BAF3-1CBCD03F5399}.Debug|Any CPU.ActiveCfg = Debug|Any CPU
		{20159540-A137-4A75-BAF3-1CBCD03F5399}.Debug|Any CPU.Build.0 = Debug|Any CPU
		{20159540-A137-4A75-BAF3-1CBCD03F5399}.Release|Any CPU.ActiveCfg = Release|Any CPU
		{20159540-A137-4A75-BAF3-1CBCD03F5399}.Release|Any CPU.Build.0 = Release|Any CPU
		{77DA944B-6ADD-4C2F-BBFC-56B4712040A4}.Debug|Any CPU.ActiveCfg = Debug|Any CPU
		{77DA944B-6ADD-4C2F-BBFC-56B4712040A4}.Debug|Any CPU.Build.0 = Debug|Any CPU
		{77DA944B-6ADD-4C2F-BBFC-56B4712040A4}.Release|Any CPU.ActiveCfg = Release|Any CPU
		{77DA944B-6ADD-4C2F-BBFC-56B4712040A4}.Release|Any CPU.Build.0 = Release|Any CPU
		{74C3C2BD-9AB3-426C-ABE9-8AF2DD86C60F}.Debug|Any CPU.ActiveCfg = Debug|Any CPU
		{74C3C2BD-9AB3-426C-ABE9-8AF2DD86C60F}.Debug|Any CPU.Build.0 = Debug|Any CPU
		{74C3C2BD-9AB3-426C-ABE9-8AF2DD86C60F}.Release|Any CPU.ActiveCfg = Release|Any CPU
		{74C3C2BD-9AB3-426C-ABE9-8AF2DD86C60F}.Release|Any CPU.Build.0 = Release|Any CPU
		{57A2ABFD-FE11-45C4-9868-74CEA88D3F62}.Debug|Any CPU.ActiveCfg = Debug|Any CPU
		{57A2ABFD-FE11-45C4-9868-74CEA88D3F62}.Debug|Any CPU.Build.0 = Debug|Any CPU
		{57A2ABFD-FE11-45C4-9868-74CEA88D3F62}.Release|Any CPU.ActiveCfg = Release|Any CPU
		{57A2ABFD-FE11-45C4-9868-74CEA88D3F62}.Release|Any CPU.Build.0 = Release|Any CPU
	EndGlobalSection
	GlobalSection(SolutionProperties) = preSolution
		HideSolutionNode = FALSE
	EndGlobalSection
	GlobalSection(NestedProjects) = preSolution
		{C26397ED-220A-447E-8CF1-B64E2A11E849} = {EB785B02-C3F5-49B6-A0D2-B4203988AEDF}
		{510FA0CB-7005-4CE1-9D91-23BADBD9ACF2} = {30ABCE6C-9858-4E8E-AD37-3B8D8AAD285F}
		{C6221044-49DF-43E3-9FD4-0FFFECEEA367} = {510FA0CB-7005-4CE1-9D91-23BADBD9ACF2}
		{EB785B02-C3F5-49B6-A0D2-B4203988AEDF} = {510FA0CB-7005-4CE1-9D91-23BADBD9ACF2}
		{0CEF5485-A7F3-4AEB-B047-E859F4DA7135} = {30ABCE6C-9858-4E8E-AD37-3B8D8AAD285F}
		{20159540-A137-4A75-BAF3-1CBCD03F5399} = {0CEF5485-A7F3-4AEB-B047-E859F4DA7135}
		{77DA944B-6ADD-4C2F-BBFC-56B4712040A4} = {0CEF5485-A7F3-4AEB-B047-E859F4DA7135}
		{74C3C2BD-9AB3-426C-ABE9-8AF2DD86C60F} = {C6221044-49DF-43E3-9FD4-0FFFECEEA367}
		{57A2ABFD-FE11-45C4-9868-74CEA88D3F62} = {C6221044-49DF-43E3-9FD4-0FFFECEEA367}
	EndGlobalSection
	GlobalSection(ExtensibilityGlobals) = postSolution
		SolutionGuid = {6968A63C-F179-48E4-BDC5-27E73ED24C6B}
	EndGlobalSection
EndGlobal
